// !$*UTF8*$!
{
	archiveVersion = 1;
	classes = {
	};
	objectVersion = 46;
	objects = {
/* Begin PBXBuildFile section */
		0207DA581B56EA530066E2B4 /* Images.xcassets in Resources */ = {isa = PBXBuildFile; fileRef = 0207DA571B56EA530066E2B4 /* Images.xcassets */; };
		1D3623260D0F684500981E51 /* AppDelegate.m in Sources */ = {isa = PBXBuildFile; fileRef = 1D3623250D0F684500981E51 /* AppDelegate.m */; };
		1D60589B0D05DD56006BFB54 /* main.m in Sources */ = {isa = PBXBuildFile; fileRef = 29B97316FDCFA39411CA2CEA /* main.m */; };
		301BF552109A68D80062928A /* libCordova.a in Frameworks */ = {isa = PBXBuildFile; fileRef = 301BF535109A57CC0062928A /* libCordova.a */; };
		302D95F114D2391D003F00A1 /* MainViewController.m in Sources */ = {isa = PBXBuildFile; fileRef = 302D95EF14D2391D003F00A1 /* MainViewController.m */; };
		302D95F214D2391D003F00A1 /* MainViewController.xib in Resources */ = {isa = PBXBuildFile; fileRef = 302D95F014D2391D003F00A1 /* MainViewController.xib */; };
		3047A5121AB8059700498E2A /* build-debug.xcconfig in Resources */ = {isa = PBXBuildFile; fileRef = 3047A50F1AB8059700498E2A /* build-debug.xcconfig */; };
		3047A5131AB8059700498E2A /* build-release.xcconfig in Resources */ = {isa = PBXBuildFile; fileRef = 3047A5101AB8059700498E2A /* build-release.xcconfig */; };
		3047A5141AB8059700498E2A /* build.xcconfig in Resources */ = {isa = PBXBuildFile; fileRef = 3047A5111AB8059700498E2A /* build.xcconfig */; };
		6AFF5BF91D6E424B00AB3073 /* CDVLaunchScreen.storyboard in Resources */ = {isa = PBXBuildFile; fileRef = 6AFF5BF81D6E424B00AB3073 /* CDVLaunchScreen.storyboard */; };
		F910A4CC693D4184BB899118 /* UIImage+CropScaleOrientation.m in Sources */ = {isa = PBXBuildFile; fileRef = F8EA9027D16E4D3B9A678C2B /* UIImage+CropScaleOrientation.m */; };
		589D40DB07BA46BDA961BC34 /* CDVCamera.m in Sources */ = {isa = PBXBuildFile; fileRef = 768193589CDF4DA0895C5F44 /* CDVCamera.m */; };
		790078A555084727B14B5B1B /* CDVJpegHeaderWriter.m in Sources */ = {isa = PBXBuildFile; fileRef = D936AC7E38F54A4D891776A1 /* CDVJpegHeaderWriter.m */; };
		8F8D794A290D4148BABD2FEC /* ImageIO.framework in Frameworks */ = {isa = PBXBuildFile; fileRef = 92A68D699B53459BAA7E9C6E /* ImageIO.framework */; settings = {ATTRIBUTES = (Weak, ); }; };
		C0CE2AE628164C80B82CF20E /* CoreLocation.framework in Frameworks */ = {isa = PBXBuildFile; fileRef = 62C96F0F9CD942C99F39D59C /* CoreLocation.framework */; };
		14F7CCB177044BBB80BCF752 /* AVFoundation.framework in Frameworks */ = {isa = PBXBuildFile; fileRef = F56EEF10DD45458DB1B79ABB /* AVFoundation.framework */; };
		7E613BD1B0AA4FC796FF768F /* CDVDevice.m in Sources */ = {isa = PBXBuildFile; fileRef = 9D94574AADB7492E86E88BB7 /* CDVDevice.m */; };
		CD72F335B725482CAE66EF25 /* CDVNotification.m in Sources */ = {isa = PBXBuildFile; fileRef = B356AAA3B30E49C1B2C1644F /* CDVNotification.m */; };
		90342DE28A3F4901AFA61442 /* CDVNotification.bundle in Resources */ = {isa = PBXBuildFile; fileRef = FDBD87E369484D18804E6712 /* CDVNotification.bundle */; };
		D1849E54E589429FB14AE614 /* AudioToolbox.framework in Frameworks */ = {isa = PBXBuildFile; fileRef = 2B16A2B5074E432DA225809D /* AudioToolbox.framework */; settings = {ATTRIBUTES = (Weak, ); }; };
		83A605341C2E4CC69EA716A2 /* CDVFile.m in Sources */ = {isa = PBXBuildFile; fileRef = F72B725E4AA840CEAC6898F5 /* CDVFile.m */; };
		C5FF18F21742448195C42A70 /* CDVLocalFilesystem.m in Sources */ = {isa = PBXBuildFile; fileRef = 82844319F40B4C4FA6648EEA /* CDVLocalFilesystem.m */; };
		550922C2577041868DAA11FC /* CDVAssetLibraryFilesystem.m in Sources */ = {isa = PBXBuildFile; fileRef = BE13C077659F43B6A31574F3 /* CDVAssetLibraryFilesystem.m */; };
		B35AB43444D640B19DCC0282 /* CDVFileTransfer.m in Sources */ = {isa = PBXBuildFile; fileRef = 0C66570049924EEA84F60A53 /* CDVFileTransfer.m */; };
		C8DBC19EB3BC4BFAA291DCC5 /* CDVConnection.m in Sources */ = {isa = PBXBuildFile; fileRef = C8EACE3C2188448EA09DC888 /* CDVConnection.m */; };
		BBEB0131762F4CA8A10A1439 /* CDVReachability.m in Sources */ = {isa = PBXBuildFile; fileRef = C1486902577448B0A3C419B5 /* CDVReachability.m */; };
		05920D1835C54DC3BD8979D9 /* SystemConfiguration.framework in Frameworks */ = {isa = PBXBuildFile; fileRef = FC36C65F27A248FA9BCB38AF /* SystemConfiguration.framework */; settings = {ATTRIBUTES = (Weak, ); }; };
		8E83259E41D24CFAB35C71C9 /* CoreTelephony.framework in Frameworks */ = {isa = PBXBuildFile; fileRef = BCC9EEE1742249CFAC58F785 /* CoreTelephony.framework */; };
		2BC8E8D556334A00A7F8A3AF /* ZipPlugin.m in Sources */ = {isa = PBXBuildFile; fileRef = 4537568199134E3EB8679D34 /* ZipPlugin.m */; };
		FC0FCF5B65C94E85B9B6E1B2 /* aescrypt.c in Resources */ = {isa = PBXBuildFile; fileRef = EAF147A39AA84D5D9FB853F1 /* aescrypt.c */; };
		A6F8F43D85DD421A8459F1E9 /* aeskey.c in Resources */ = {isa = PBXBuildFile; fileRef = 85426D2691B64E3F815E07C6 /* aeskey.c */; };
		9FED59ACD39B42A3B3904D06 /* aestab.c in Resources */ = {isa = PBXBuildFile; fileRef = 85416BA6A972449FA7652393 /* aestab.c */; };
		5826C4C6383F47A09EECA8C3 /* entropy.c in Resources */ = {isa = PBXBuildFile; fileRef = 1E2332BCD07E4CBEBE59401A /* entropy.c */; };
		BC9F96C5757344CC86293BD5 /* fileenc.c in Resources */ = {isa = PBXBuildFile; fileRef = 459DE4051FC441B49BEBE411 /* fileenc.c */; };
		AB013DE324A14907B275BF58 /* hmac.c in Resources */ = {isa = PBXBuildFile; fileRef = 48B4C27F81C64ACDB2036B85 /* hmac.c */; };
		7D55DCAE2D5D499191858676 /* prng.c in Resources */ = {isa = PBXBuildFile; fileRef = 700470F1445A42B7A9E0BF41 /* prng.c */; };
		1576973C82DC4505B7D7ABE8 /* pwd2key.c in Resources */ = {isa = PBXBuildFile; fileRef = 1DC2DF11398C4E09A941792D /* pwd2key.c */; };
		0C99AE4D6179442F96B91460 /* sha1.c in Resources */ = {isa = PBXBuildFile; fileRef = 2275BA2413F14A27948DF101 /* sha1.c */; };
		D2782429BD1E44E5A0573A7A /* SSZipArchive.m in Sources */ = {isa = PBXBuildFile; fileRef = 796FF056025843949D93BDB5 /* SSZipArchive.m */; };
		167FA882F0234479BBE39C0E /* zip.c in Resources */ = {isa = PBXBuildFile; fileRef = 7CF5FBC0FB9143D2BA4506DE /* zip.c */; };
		1098A70270FB49A0A53D5106 /* unzip.c in Resources */ = {isa = PBXBuildFile; fileRef = EECE497698DF45328FE28456 /* unzip.c */; };
		E734061ADFAA4727A417F7FB /* mztools.c in Resources */ = {isa = PBXBuildFile; fileRef = C224D1AF3BAF44DD92D54AD4 /* mztools.c */; };
		F76EC2430E714037866BC0C2 /* ioapi.c in Resources */ = {isa = PBXBuildFile; fileRef = 1F9C3E91899D41A0AE2F3534 /* ioapi.c */; };
		4C0C23DCF5F44E3EB45EF4E0 /* libz.dylib in Frameworks */ = {isa = PBXBuildFile; fileRef = 4227110B67584F37B5072EA4 /* libz.dylib */; };
		0E88FBB2981A427CAC2BEF3B /* md5chksum.m in Sources */ = {isa = PBXBuildFile; fileRef = 0CB1980EF6AC4B75A9E87F5E /* md5chksum.m */; };
		EE73958083BC4AC197E67E05 /* CDVLocation.m in Sources */ = {isa = PBXBuildFile; fileRef = C74128836B46457DA024BF0E /* CDVLocation.m */; };
		7C59797A9CE74894B2C3B88B /* CDVInAppBrowser.m in Sources */ = {isa = PBXBuildFile; fileRef = 5BCA1A9DBF7F4CD79771800D /* CDVInAppBrowser.m */; };
		E638C331BBF143F8ACB46C31 /* NativeStorage.m in Sources */ = {isa = PBXBuildFile; fileRef = 094565E45DE1435CBD36B3C6 /* NativeStorage.m */; };
		2824E3EC351542448A516F62 /* CDVSplashScreen.m in Sources */ = {isa = PBXBuildFile; fileRef = 48E1D2A5F1E14FC497F7C146 /* CDVSplashScreen.m */; };
		065DD3E39A904C51A1DCD739 /* CDVViewController+SplashScreen.m in Sources */ = {isa = PBXBuildFile; fileRef = 21630DAAAD604C6284BA3692 /* CDVViewController+SplashScreen.m */; };
		3EB679D4F2BC4E4E9D8D044C /* CDVStatusBar.m in Sources */ = {isa = PBXBuildFile; fileRef = 02AD2E3DD1714A5C8A50FC09 /* CDVStatusBar.m */; };
		BCCCCFFD35AF43A8A019BD5E /* CDVVibration.m in Sources */ = {isa = PBXBuildFile; fileRef = 6B47D899B6DF42EBA2618B63 /* CDVVibration.m */; };
		D69CF38BCA044439BCB22D5C /* CDVBarcodeScanner.mm in Resources */ = {isa = PBXBuildFile; fileRef = 4F857D3D4117435A80CA6611 /* CDVBarcodeScanner.mm */; };
		294B83691ABE41EE9812A19A /* scannerOverlay.xib in Resources */ = {isa = PBXBuildFile; fileRef = C97EC0BA733D45568FA56C62 /* scannerOverlay.xib */; };
		22916961820948B1B49B2DCA /* CDVBarcodeScanner.bundle in Resources */ = {isa = PBXBuildFile; fileRef = 9CAD0E14ABC84DD6B07A21AB /* CDVBarcodeScanner.bundle */; };
		5F50DE71A90745A18EC1B90A /* AppDelegate+notification.m in Sources */ = {isa = PBXBuildFile; fileRef = 7EC7A6318601470DA3084FE1 /* AppDelegate+notification.m */; };
		8499EDF2CE7C44B1ACD4A34B /* PushPlugin.m in Sources */ = {isa = PBXBuildFile; fileRef = 80EA9B0D3E3D47E4845C3A7A /* PushPlugin.m */; };
/* End PBXBuildFile section */

/* Begin PBXContainerItemProxy section */
		301BF534109A57CC0062928A /* PBXContainerItemProxy */ = {
			isa = PBXContainerItemProxy;
			containerPortal = 301BF52D109A57CC0062928A /* CordovaLib.xcodeproj */;
			proxyType = 2;
			remoteGlobalIDString = D2AAC07E0554694100DB518D;
			remoteInfo = CordovaLib;
		};
		301BF550109A68C00062928A /* PBXContainerItemProxy */ = {
			isa = PBXContainerItemProxy;
			containerPortal = 301BF52D109A57CC0062928A /* CordovaLib.xcodeproj */;
			proxyType = 1;
			remoteGlobalIDString = D2AAC07D0554694100DB518D;
			remoteInfo = CordovaLib;
		};
/* End PBXContainerItemProxy section */

/* Begin PBXFileReference section */
		0207DA571B56EA530066E2B4 /* Images.xcassets */ = {isa = PBXFileReference; lastKnownFileType = folder.assetcatalog; name = Images.xcassets; path = "KesMobile/Images.xcassets"; sourceTree = SOURCE_ROOT; };
		1D3623240D0F684500981E51 /* AppDelegate.h */ = {isa = PBXFileReference; fileEncoding = 4; lastKnownFileType = sourcecode.c.h; path = AppDelegate.h; sourceTree = "<group>"; };
		1D3623250D0F684500981E51 /* AppDelegate.m */ = {isa = PBXFileReference; fileEncoding = 4; lastKnownFileType = sourcecode.c.objc; path = AppDelegate.m; sourceTree = "<group>"; };
		1D6058910D05DD3D006BFB54 /* KesMobile.app */ = {isa = PBXFileReference; explicitFileType = wrapper.application; includeInIndex = 0; path = "KesMobile.app"; sourceTree = BUILT_PRODUCTS_DIR; };
		29B97316FDCFA39411CA2CEA /* main.m */ = {isa = PBXFileReference; fileEncoding = 4; lastKnownFileType = sourcecode.c.objc; path = main.m; sourceTree = "<group>"; };
		301BF52D109A57CC0062928A /* CordovaLib.xcodeproj */ = {isa = PBXFileReference; lastKnownFileType = "wrapper.pb-project"; path = CordovaLib/CordovaLib.xcodeproj; sourceTree = "<group>"; };
		301BF56E109A69640062928A /* www */ = {isa = PBXFileReference; lastKnownFileType = folder; path = www; sourceTree = SOURCE_ROOT; };
		302D95EE14D2391D003F00A1 /* MainViewController.h */ = {isa = PBXFileReference; fileEncoding = 4; lastKnownFileType = sourcecode.c.h; path = MainViewController.h; sourceTree = "<group>"; };
		302D95EF14D2391D003F00A1 /* MainViewController.m */ = {isa = PBXFileReference; fileEncoding = 4; lastKnownFileType = sourcecode.c.objc; path = MainViewController.m; sourceTree = "<group>"; };
		302D95F014D2391D003F00A1 /* MainViewController.xib */ = {isa = PBXFileReference; fileEncoding = 4; lastKnownFileType = file.xib; path = MainViewController.xib; sourceTree = "<group>"; };
		3047A50F1AB8059700498E2A /* build-debug.xcconfig */ = {isa = PBXFileReference; fileEncoding = 4; lastKnownFileType = text.xcconfig; name = "build-debug.xcconfig"; path = cordova/build-debug.xcconfig; sourceTree = SOURCE_ROOT; };
		3047A5101AB8059700498E2A /* build-release.xcconfig */ = {isa = PBXFileReference; fileEncoding = 4; lastKnownFileType = text.xcconfig; name = "build-release.xcconfig"; path = cordova/build-release.xcconfig; sourceTree = SOURCE_ROOT; };
		3047A5111AB8059700498E2A /* build.xcconfig */ = {isa = PBXFileReference; fileEncoding = 4; lastKnownFileType = text.xcconfig; name = build.xcconfig; path = cordova/build.xcconfig; sourceTree = SOURCE_ROOT; };
		32CA4F630368D1EE00C91783 /* KesMobile-Prefix.pch */ = {isa = PBXFileReference; fileEncoding = 4; lastKnownFileType = sourcecode.c.h; path = "KesMobile-Prefix.pch"; sourceTree = "<group>"; };
		6AFF5BF81D6E424B00AB3073 /* CDVLaunchScreen.storyboard */ = {isa = PBXFileReference; fileEncoding = 4; lastKnownFileType = file.storyboard; name = CDVLaunchScreen.storyboard; path = "KesMobile/CDVLaunchScreen.storyboard"; sourceTree = SOURCE_ROOT; };
		8D1107310486CEB800E47090 /* KesMobile-Info.plist */ = {isa = PBXFileReference; fileEncoding = 4; lastKnownFileType = text.plist.xml; name = "KesMobile-Info.plist"; path = "KesMobile/KesMobile-Info.plist"; plistStructureDefinitionIdentifier = "com.apple.xcode.plist.structure-definition.iphone.info-plist"; sourceTree = SOURCE_ROOT; };
		EB87FDF31871DA8E0020F90C /* www */ = {isa = PBXFileReference; lastKnownFileType = folder; name = www; path = ../../www; sourceTree = "<group>"; };
		EB87FDF41871DAF40020F90C /* config.xml */ = {isa = PBXFileReference; lastKnownFileType = text.xml; name = config.xml; path = ../../config.xml; sourceTree = "<group>"; };
		F840E1F0165FE0F500CFE078 /* config.xml */ = {isa = PBXFileReference; lastKnownFileType = text.xml; name = config.xml; path = "KesMobile/config.xml"; sourceTree = "<group>"; };
		ED33DF2A687741AEAF9F8254 /* Bridging-Header.h */ = {isa = PBXFileReference; fileEncoding = 4; lastKnownFileType = sourcecode.c.h; name = "Bridging-Header.h"; path = "Bridging-Header.h"; sourceTree = "<group>"; };
		F8EA9027D16E4D3B9A678C2B /* UIImage+CropScaleOrientation.m */ = {isa = PBXFileReference; name = "UIImage+CropScaleOrientation.m"; path = "cordova-plugin-camera/UIImage+CropScaleOrientation.m"; sourceTree = "<group>"; fileEncoding = 4; lastKnownFileType = sourcecode.c.objc; explicitFileType = undefined; includeInIndex = 0; };
		768193589CDF4DA0895C5F44 /* CDVCamera.m */ = {isa = PBXFileReference; name = "CDVCamera.m"; path = "cordova-plugin-camera/CDVCamera.m"; sourceTree = "<group>"; fileEncoding = 4; lastKnownFileType = sourcecode.c.objc; explicitFileType = undefined; includeInIndex = 0; };
		D936AC7E38F54A4D891776A1 /* CDVJpegHeaderWriter.m */ = {isa = PBXFileReference; name = "CDVJpegHeaderWriter.m"; path = "cordova-plugin-camera/CDVJpegHeaderWriter.m"; sourceTree = "<group>"; fileEncoding = 4; lastKnownFileType = sourcecode.c.objc; explicitFileType = undefined; includeInIndex = 0; };
		AF13FAE6448A4BEEB5375812 /* UIImage+CropScaleOrientation.h */ = {isa = PBXFileReference; name = "UIImage+CropScaleOrientation.h"; path = "cordova-plugin-camera/UIImage+CropScaleOrientation.h"; sourceTree = "<group>"; fileEncoding = 4; lastKnownFileType = sourcecode.c.h; explicitFileType = undefined; includeInIndex = 0; };
		1C88DF4C47C944F28E5BFF8F /* CDVCamera.h */ = {isa = PBXFileReference; name = "CDVCamera.h"; path = "cordova-plugin-camera/CDVCamera.h"; sourceTree = "<group>"; fileEncoding = 4; lastKnownFileType = sourcecode.c.h; explicitFileType = undefined; includeInIndex = 0; };
		1074B55B8E66456789B802C7 /* CDVJpegHeaderWriter.h */ = {isa = PBXFileReference; name = "CDVJpegHeaderWriter.h"; path = "cordova-plugin-camera/CDVJpegHeaderWriter.h"; sourceTree = "<group>"; fileEncoding = 4; lastKnownFileType = sourcecode.c.h; explicitFileType = undefined; includeInIndex = 0; };
		85B9DEDB5FBB4997A112295F /* CDVExif.h */ = {isa = PBXFileReference; name = "CDVExif.h"; path = "cordova-plugin-camera/CDVExif.h"; sourceTree = "<group>"; fileEncoding = 4; lastKnownFileType = sourcecode.c.h; explicitFileType = undefined; includeInIndex = 0; };
		92A68D699B53459BAA7E9C6E /* ImageIO.framework */ = {isa = PBXFileReference; name = "ImageIO.framework"; path = "System/Library/Frameworks/ImageIO.framework"; sourceTree = SDKROOT; fileEncoding = undefined; lastKnownFileType = wrapper.framework; explicitFileType = undefined; includeInIndex = 0; };
		62C96F0F9CD942C99F39D59C /* CoreLocation.framework */ = {isa = PBXFileReference; name = "CoreLocation.framework"; path = "System/Library/Frameworks/CoreLocation.framework"; sourceTree = SDKROOT; fileEncoding = undefined; lastKnownFileType = wrapper.framework; explicitFileType = undefined; includeInIndex = 0; };
		F56EEF10DD45458DB1B79ABB /* AVFoundation.framework */ = {isa = PBXFileReference; name = "AVFoundation.framework"; path = "System/Library/Frameworks/AVFoundation.framework"; sourceTree = SDKROOT; fileEncoding = undefined; lastKnownFileType = wrapper.framework; explicitFileType = undefined; includeInIndex = 0; };
		9D94574AADB7492E86E88BB7 /* CDVDevice.m */ = {isa = PBXFileReference; name = "CDVDevice.m"; path = "cordova-plugin-device/CDVDevice.m"; sourceTree = "<group>"; fileEncoding = 4; lastKnownFileType = sourcecode.c.objc; explicitFileType = undefined; includeInIndex = 0; };
		B4F87E65E0D34F11B060BC71 /* CDVDevice.h */ = {isa = PBXFileReference; name = "CDVDevice.h"; path = "cordova-plugin-device/CDVDevice.h"; sourceTree = "<group>"; fileEncoding = 4; lastKnownFileType = sourcecode.c.h; explicitFileType = undefined; includeInIndex = 0; };
		B356AAA3B30E49C1B2C1644F /* CDVNotification.m */ = {isa = PBXFileReference; name = "CDVNotification.m"; path = "cordova-plugin-dialogs/CDVNotification.m"; sourceTree = "<group>"; fileEncoding = 4; lastKnownFileType = sourcecode.c.objc; explicitFileType = undefined; includeInIndex = 0; };
		34FA720C753F4449B719597C /* CDVNotification.h */ = {isa = PBXFileReference; name = "CDVNotification.h"; path = "cordova-plugin-dialogs/CDVNotification.h"; sourceTree = "<group>"; fileEncoding = 4; lastKnownFileType = sourcecode.c.h; explicitFileType = undefined; includeInIndex = 0; };
		FDBD87E369484D18804E6712 /* CDVNotification.bundle */ = {isa = PBXFileReference; name = "CDVNotification.bundle"; path = "CDVNotification.bundle"; sourceTree = "<group>"; fileEncoding = undefined; lastKnownFileType = wrapper.plug-in; explicitFileType = undefined; includeInIndex = 0; };
		2B16A2B5074E432DA225809D /* AudioToolbox.framework */ = {isa = PBXFileReference; name = "AudioToolbox.framework"; path = "System/Library/Frameworks/AudioToolbox.framework"; sourceTree = SDKROOT; fileEncoding = undefined; lastKnownFileType = wrapper.framework; explicitFileType = undefined; includeInIndex = 0; };
		F72B725E4AA840CEAC6898F5 /* CDVFile.m */ = {isa = PBXFileReference; name = "CDVFile.m"; path = "cordova-plugin-file/CDVFile.m"; sourceTree = "<group>"; fileEncoding = 4; lastKnownFileType = sourcecode.c.objc; explicitFileType = undefined; includeInIndex = 0; };
		82844319F40B4C4FA6648EEA /* CDVLocalFilesystem.m */ = {isa = PBXFileReference; name = "CDVLocalFilesystem.m"; path = "cordova-plugin-file/CDVLocalFilesystem.m"; sourceTree = "<group>"; fileEncoding = 4; lastKnownFileType = sourcecode.c.objc; explicitFileType = undefined; includeInIndex = 0; };
		BE13C077659F43B6A31574F3 /* CDVAssetLibraryFilesystem.m */ = {isa = PBXFileReference; name = "CDVAssetLibraryFilesystem.m"; path = "cordova-plugin-file/CDVAssetLibraryFilesystem.m"; sourceTree = "<group>"; fileEncoding = 4; lastKnownFileType = sourcecode.c.objc; explicitFileType = undefined; includeInIndex = 0; };
		AD43B9143ABF461DBDAC957E /* CDVFile.h */ = {isa = PBXFileReference; name = "CDVFile.h"; path = "cordova-plugin-file/CDVFile.h"; sourceTree = "<group>"; fileEncoding = 4; lastKnownFileType = sourcecode.c.h; explicitFileType = undefined; includeInIndex = 0; };
		13430CC4B22B425CA3CAFFBD /* CDVLocalFilesystem.h */ = {isa = PBXFileReference; name = "CDVLocalFilesystem.h"; path = "cordova-plugin-file/CDVLocalFilesystem.h"; sourceTree = "<group>"; fileEncoding = 4; lastKnownFileType = sourcecode.c.h; explicitFileType = undefined; includeInIndex = 0; };
		811428C856064976A1355C14 /* CDVAssetLibraryFilesystem.h */ = {isa = PBXFileReference; name = "CDVAssetLibraryFilesystem.h"; path = "cordova-plugin-file/CDVAssetLibraryFilesystem.h"; sourceTree = "<group>"; fileEncoding = 4; lastKnownFileType = sourcecode.c.h; explicitFileType = undefined; includeInIndex = 0; };
		0C66570049924EEA84F60A53 /* CDVFileTransfer.m */ = {isa = PBXFileReference; name = "CDVFileTransfer.m"; path = "cordova-plugin-file-transfer/CDVFileTransfer.m"; sourceTree = "<group>"; fileEncoding = 4; lastKnownFileType = sourcecode.c.objc; explicitFileType = undefined; includeInIndex = 0; };
		9188ECE3497343BABA06EB65 /* CDVFileTransfer.h */ = {isa = PBXFileReference; name = "CDVFileTransfer.h"; path = "cordova-plugin-file-transfer/CDVFileTransfer.h"; sourceTree = "<group>"; fileEncoding = 4; lastKnownFileType = sourcecode.c.h; explicitFileType = undefined; includeInIndex = 0; };
		C8EACE3C2188448EA09DC888 /* CDVConnection.m */ = {isa = PBXFileReference; name = "CDVConnection.m"; path = "cordova-plugin-network-information/CDVConnection.m"; sourceTree = "<group>"; fileEncoding = 4; lastKnownFileType = sourcecode.c.objc; explicitFileType = undefined; includeInIndex = 0; };
		C1486902577448B0A3C419B5 /* CDVReachability.m */ = {isa = PBXFileReference; name = "CDVReachability.m"; path = "cordova-plugin-network-information/CDVReachability.m"; sourceTree = "<group>"; fileEncoding = 4; lastKnownFileType = sourcecode.c.objc; explicitFileType = undefined; includeInIndex = 0; };
		CBCE8C2C42FD4FB396FE7E1A /* CDVConnection.h */ = {isa = PBXFileReference; name = "CDVConnection.h"; path = "cordova-plugin-network-information/CDVConnection.h"; sourceTree = "<group>"; fileEncoding = 4; lastKnownFileType = sourcecode.c.h; explicitFileType = undefined; includeInIndex = 0; };
		AAA9A4B3E58F4FD4A4984206 /* CDVReachability.h */ = {isa = PBXFileReference; name = "CDVReachability.h"; path = "cordova-plugin-network-information/CDVReachability.h"; sourceTree = "<group>"; fileEncoding = 4; lastKnownFileType = sourcecode.c.h; explicitFileType = undefined; includeInIndex = 0; };
		FC36C65F27A248FA9BCB38AF /* SystemConfiguration.framework */ = {isa = PBXFileReference; name = "SystemConfiguration.framework"; path = "System/Library/Frameworks/SystemConfiguration.framework"; sourceTree = SDKROOT; fileEncoding = undefined; lastKnownFileType = wrapper.framework; explicitFileType = undefined; includeInIndex = 0; };
		BCC9EEE1742249CFAC58F785 /* CoreTelephony.framework */ = {isa = PBXFileReference; name = "CoreTelephony.framework"; path = "System/Library/Frameworks/CoreTelephony.framework"; sourceTree = SDKROOT; fileEncoding = undefined; lastKnownFileType = wrapper.framework; explicitFileType = undefined; includeInIndex = 0; };
		4537568199134E3EB8679D34 /* ZipPlugin.m */ = {isa = PBXFileReference; name = "ZipPlugin.m"; path = "cordova-plugin-zip/ZipPlugin.m"; sourceTree = "<group>"; fileEncoding = 4; lastKnownFileType = sourcecode.c.objc; explicitFileType = undefined; includeInIndex = 0; };
		EAF147A39AA84D5D9FB853F1 /* aescrypt.c */ = {isa = PBXFileReference; name = "aescrypt.c"; path = "cordova-plugin-zip/Plugins/aes/aescrypt.c"; sourceTree = "<group>"; fileEncoding = undefined; lastKnownFileType = unknown; explicitFileType = undefined; includeInIndex = 0; };
		85426D2691B64E3F815E07C6 /* aeskey.c */ = {isa = PBXFileReference; name = "aeskey.c"; path = "cordova-plugin-zip/Plugins/aes/aeskey.c"; sourceTree = "<group>"; fileEncoding = undefined; lastKnownFileType = unknown; explicitFileType = undefined; includeInIndex = 0; };
		85416BA6A972449FA7652393 /* aestab.c */ = {isa = PBXFileReference; name = "aestab.c"; path = "cordova-plugin-zip/Plugins/aes/aestab.c"; sourceTree = "<group>"; fileEncoding = undefined; lastKnownFileType = unknown; explicitFileType = undefined; includeInIndex = 0; };
		1E2332BCD07E4CBEBE59401A /* entropy.c */ = {isa = PBXFileReference; name = "entropy.c"; path = "cordova-plugin-zip/Plugins/aes/entropy.c"; sourceTree = "<group>"; fileEncoding = undefined; lastKnownFileType = unknown; explicitFileType = undefined; includeInIndex = 0; };
		459DE4051FC441B49BEBE411 /* fileenc.c */ = {isa = PBXFileReference; name = "fileenc.c"; path = "cordova-plugin-zip/Plugins/aes/fileenc.c"; sourceTree = "<group>"; fileEncoding = undefined; lastKnownFileType = unknown; explicitFileType = undefined; includeInIndex = 0; };
		48B4C27F81C64ACDB2036B85 /* hmac.c */ = {isa = PBXFileReference; name = "hmac.c"; path = "cordova-plugin-zip/Plugins/aes/hmac.c"; sourceTree = "<group>"; fileEncoding = undefined; lastKnownFileType = unknown; explicitFileType = undefined; includeInIndex = 0; };
		700470F1445A42B7A9E0BF41 /* prng.c */ = {isa = PBXFileReference; name = "prng.c"; path = "cordova-plugin-zip/Plugins/aes/prng.c"; sourceTree = "<group>"; fileEncoding = undefined; lastKnownFileType = unknown; explicitFileType = undefined; includeInIndex = 0; };
		1DC2DF11398C4E09A941792D /* pwd2key.c */ = {isa = PBXFileReference; name = "pwd2key.c"; path = "cordova-plugin-zip/Plugins/aes/pwd2key.c"; sourceTree = "<group>"; fileEncoding = undefined; lastKnownFileType = unknown; explicitFileType = undefined; includeInIndex = 0; };
		2275BA2413F14A27948DF101 /* sha1.c */ = {isa = PBXFileReference; name = "sha1.c"; path = "cordova-plugin-zip/Plugins/aes/sha1.c"; sourceTree = "<group>"; fileEncoding = undefined; lastKnownFileType = unknown; explicitFileType = undefined; includeInIndex = 0; };
		796FF056025843949D93BDB5 /* SSZipArchive.m */ = {isa = PBXFileReference; name = "SSZipArchive.m"; path = "cordova-plugin-zip/Plugins/minizip/SSZipArchive.m"; sourceTree = "<group>"; fileEncoding = 4; lastKnownFileType = sourcecode.c.objc; explicitFileType = undefined; includeInIndex = 0; };
		7CF5FBC0FB9143D2BA4506DE /* zip.c */ = {isa = PBXFileReference; name = "zip.c"; path = "cordova-plugin-zip/Plugins/minizip/zip.c"; sourceTree = "<group>"; fileEncoding = undefined; lastKnownFileType = unknown; explicitFileType = undefined; includeInIndex = 0; };
		EECE497698DF45328FE28456 /* unzip.c */ = {isa = PBXFileReference; name = "unzip.c"; path = "cordova-plugin-zip/Plugins/minizip/unzip.c"; sourceTree = "<group>"; fileEncoding = undefined; lastKnownFileType = unknown; explicitFileType = undefined; includeInIndex = 0; };
		C224D1AF3BAF44DD92D54AD4 /* mztools.c */ = {isa = PBXFileReference; name = "mztools.c"; path = "cordova-plugin-zip/Plugins/minizip/mztools.c"; sourceTree = "<group>"; fileEncoding = undefined; lastKnownFileType = unknown; explicitFileType = undefined; includeInIndex = 0; };
		1F9C3E91899D41A0AE2F3534 /* ioapi.c */ = {isa = PBXFileReference; name = "ioapi.c"; path = "cordova-plugin-zip/Plugins/minizip/ioapi.c"; sourceTree = "<group>"; fileEncoding = undefined; lastKnownFileType = unknown; explicitFileType = undefined; includeInIndex = 0; };
		83DFD298AF824E9C9AB44CED /* ZipPlugin.h */ = {isa = PBXFileReference; name = "ZipPlugin.h"; path = "cordova-plugin-zip/ZipPlugin.h"; sourceTree = "<group>"; fileEncoding = 4; lastKnownFileType = sourcecode.c.h; explicitFileType = undefined; includeInIndex = 0; };
		C28C63D3867447C7BE369249 /* Common.h */ = {isa = PBXFileReference; name = "Common.h"; path = "cordova-plugin-zip/Common.h"; sourceTree = "<group>"; fileEncoding = 4; lastKnownFileType = sourcecode.c.h; explicitFileType = undefined; includeInIndex = 0; };
		EE3813C1A242473ABD44DC44 /* aes.h */ = {isa = PBXFileReference; name = "aes.h"; path = "cordova-plugin-zip/Plugins/aes/aes.h"; sourceTree = "<group>"; fileEncoding = 4; lastKnownFileType = sourcecode.c.h; explicitFileType = undefined; includeInIndex = 0; };
		F751BA37B81B47758C347D0D /* aes_via_ace.h */ = {isa = PBXFileReference; name = "aes_via_ace.h"; path = "cordova-plugin-zip/Plugins/aes/aes_via_ace.h"; sourceTree = "<group>"; fileEncoding = 4; lastKnownFileType = sourcecode.c.h; explicitFileType = undefined; includeInIndex = 0; };
		00396BA265074D04A7074A93 /* aesopt.h */ = {isa = PBXFileReference; name = "aesopt.h"; path = "cordova-plugin-zip/Plugins/aes/aesopt.h"; sourceTree = "<group>"; fileEncoding = 4; lastKnownFileType = sourcecode.c.h; explicitFileType = undefined; includeInIndex = 0; };
		5AFB97B8EB6E417BB99DFC33 /* aestab.h */ = {isa = PBXFileReference; name = "aestab.h"; path = "cordova-plugin-zip/Plugins/aes/aestab.h"; sourceTree = "<group>"; fileEncoding = 4; lastKnownFileType = sourcecode.c.h; explicitFileType = undefined; includeInIndex = 0; };
		C90ED6D996D64D83A6DA790A /* brg_endian.h */ = {isa = PBXFileReference; name = "brg_endian.h"; path = "cordova-plugin-zip/Plugins/aes/brg_endian.h"; sourceTree = "<group>"; fileEncoding = 4; lastKnownFileType = sourcecode.c.h; explicitFileType = undefined; includeInIndex = 0; };
		1F3771785C5D4D2DAA497292 /* brg_types.h */ = {isa = PBXFileReference; name = "brg_types.h"; path = "cordova-plugin-zip/Plugins/aes/brg_types.h"; sourceTree = "<group>"; fileEncoding = 4; lastKnownFileType = sourcecode.c.h; explicitFileType = undefined; includeInIndex = 0; };
		E53AE470DC29452BB2ABD90F /* entropy.h */ = {isa = PBXFileReference; name = "entropy.h"; path = "cordova-plugin-zip/Plugins/aes/entropy.h"; sourceTree = "<group>"; fileEncoding = 4; lastKnownFileType = sourcecode.c.h; explicitFileType = undefined; includeInIndex = 0; };
		FECAFB7ABD234DA4A43ACA30 /* fileenc.h */ = {isa = PBXFileReference; name = "fileenc.h"; path = "cordova-plugin-zip/Plugins/aes/fileenc.h"; sourceTree = "<group>"; fileEncoding = 4; lastKnownFileType = sourcecode.c.h; explicitFileType = undefined; includeInIndex = 0; };
		7528CA3445914470A103365B /* hmac.h */ = {isa = PBXFileReference; name = "hmac.h"; path = "cordova-plugin-zip/Plugins/aes/hmac.h"; sourceTree = "<group>"; fileEncoding = 4; lastKnownFileType = sourcecode.c.h; explicitFileType = undefined; includeInIndex = 0; };
		C6F624227FEE46AE894C352A /* prng.h */ = {isa = PBXFileReference; name = "prng.h"; path = "cordova-plugin-zip/Plugins/aes/prng.h"; sourceTree = "<group>"; fileEncoding = 4; lastKnownFileType = sourcecode.c.h; explicitFileType = undefined; includeInIndex = 0; };
		3759FFED6F9C4628B8276CEC /* pwd2key.h */ = {isa = PBXFileReference; name = "pwd2key.h"; path = "cordova-plugin-zip/Plugins/aes/pwd2key.h"; sourceTree = "<group>"; fileEncoding = 4; lastKnownFileType = sourcecode.c.h; explicitFileType = undefined; includeInIndex = 0; };
		DC384A61CA8A4C8F8B785DF6 /* sha1.h */ = {isa = PBXFileReference; name = "sha1.h"; path = "cordova-plugin-zip/Plugins/aes/sha1.h"; sourceTree = "<group>"; fileEncoding = 4; lastKnownFileType = sourcecode.c.h; explicitFileType = undefined; includeInIndex = 0; };
		0A7EEE915599427BBAA1123B /* SSZipArchive.h */ = {isa = PBXFileReference; name = "SSZipArchive.h"; path = "cordova-plugin-zip/Plugins/minizip/SSZipArchive.h"; sourceTree = "<group>"; fileEncoding = 4; lastKnownFileType = sourcecode.c.h; explicitFileType = undefined; includeInIndex = 0; };
		50F782B92B984BE2917E331E /* zip.h */ = {isa = PBXFileReference; name = "zip.h"; path = "cordova-plugin-zip/Plugins/minizip/zip.h"; sourceTree = "<group>"; fileEncoding = 4; lastKnownFileType = sourcecode.c.h; explicitFileType = undefined; includeInIndex = 0; };
		DE05AE91C3BE49B8A3F0ACBF /* unzip.h */ = {isa = PBXFileReference; name = "unzip.h"; path = "cordova-plugin-zip/Plugins/minizip/unzip.h"; sourceTree = "<group>"; fileEncoding = 4; lastKnownFileType = sourcecode.c.h; explicitFileType = undefined; includeInIndex = 0; };
		FB4FE3A4A5344987997DB53C /* mztools.h */ = {isa = PBXFileReference; name = "mztools.h"; path = "cordova-plugin-zip/Plugins/minizip/mztools.h"; sourceTree = "<group>"; fileEncoding = 4; lastKnownFileType = sourcecode.c.h; explicitFileType = undefined; includeInIndex = 0; };
		558C2FE77D034700BFB7AA39 /* ioapi.h */ = {isa = PBXFileReference; name = "ioapi.h"; path = "cordova-plugin-zip/Plugins/minizip/ioapi.h"; sourceTree = "<group>"; fileEncoding = 4; lastKnownFileType = sourcecode.c.h; explicitFileType = undefined; includeInIndex = 0; };
		D00DC9B6611444E1B427026A /* crypt.h */ = {isa = PBXFileReference; name = "crypt.h"; path = "cordova-plugin-zip/Plugins/minizip/crypt.h"; sourceTree = "<group>"; fileEncoding = 4; lastKnownFileType = sourcecode.c.h; explicitFileType = undefined; includeInIndex = 0; };
		4227110B67584F37B5072EA4 /* libz.dylib */ = {isa = PBXFileReference; name = "libz.dylib"; path = "usr/lib/libz.dylib"; sourceTree = SDKROOT; fileEncoding = undefined; lastKnownFileType = compiled.mach-o.dylib; explicitFileType = undefined; includeInIndex = 0; };
		0CB1980EF6AC4B75A9E87F5E /* md5chksum.m */ = {isa = PBXFileReference; name = "md5chksum.m"; path = "cordova-plugin-file-md5/md5chksum.m"; sourceTree = "<group>"; fileEncoding = 4; lastKnownFileType = sourcecode.c.objc; explicitFileType = undefined; includeInIndex = 0; };
		639484C4078547F5AB4B36C7 /* md5chksum.h */ = {isa = PBXFileReference; name = "md5chksum.h"; path = "cordova-plugin-file-md5/md5chksum.h"; sourceTree = "<group>"; fileEncoding = 4; lastKnownFileType = sourcecode.c.h; explicitFileType = undefined; includeInIndex = 0; };
		C74128836B46457DA024BF0E /* CDVLocation.m */ = {isa = PBXFileReference; name = "CDVLocation.m"; path = "cordova-plugin-geolocation/CDVLocation.m"; sourceTree = "<group>"; fileEncoding = 4; lastKnownFileType = sourcecode.c.objc; explicitFileType = undefined; includeInIndex = 0; };
		58B5DE8D92DE4FB6960125F7 /* CDVLocation.h */ = {isa = PBXFileReference; name = "CDVLocation.h"; path = "cordova-plugin-geolocation/CDVLocation.h"; sourceTree = "<group>"; fileEncoding = 4; lastKnownFileType = sourcecode.c.h; explicitFileType = undefined; includeInIndex = 0; };
		5BCA1A9DBF7F4CD79771800D /* CDVInAppBrowser.m */ = {isa = PBXFileReference; name = "CDVInAppBrowser.m"; path = "cordova-plugin-inappbrowser/CDVInAppBrowser.m"; sourceTree = "<group>"; fileEncoding = 4; lastKnownFileType = sourcecode.c.objc; explicitFileType = undefined; includeInIndex = 0; };
		598A97F556104F6F8F57C842 /* CDVInAppBrowser.h */ = {isa = PBXFileReference; name = "CDVInAppBrowser.h"; path = "cordova-plugin-inappbrowser/CDVInAppBrowser.h"; sourceTree = "<group>"; fileEncoding = 4; lastKnownFileType = sourcecode.c.h; explicitFileType = undefined; includeInIndex = 0; };
		094565E45DE1435CBD36B3C6 /* NativeStorage.m */ = {isa = PBXFileReference; name = "NativeStorage.m"; path = "cordova-plugin-nativestorage/NativeStorage.m"; sourceTree = "<group>"; fileEncoding = 4; lastKnownFileType = sourcecode.c.objc; explicitFileType = undefined; includeInIndex = 0; };
		630B693DE34943338B922D67 /* NativeStorage.h */ = {isa = PBXFileReference; name = "NativeStorage.h"; path = "cordova-plugin-nativestorage/NativeStorage.h"; sourceTree = "<group>"; fileEncoding = 4; lastKnownFileType = sourcecode.c.h; explicitFileType = undefined; includeInIndex = 0; };
		48E1D2A5F1E14FC497F7C146 /* CDVSplashScreen.m */ = {isa = PBXFileReference; name = "CDVSplashScreen.m"; path = "cordova-plugin-splashscreen/CDVSplashScreen.m"; sourceTree = "<group>"; fileEncoding = 4; lastKnownFileType = sourcecode.c.objc; explicitFileType = undefined; includeInIndex = 0; };
		21630DAAAD604C6284BA3692 /* CDVViewController+SplashScreen.m */ = {isa = PBXFileReference; name = "CDVViewController+SplashScreen.m"; path = "cordova-plugin-splashscreen/CDVViewController+SplashScreen.m"; sourceTree = "<group>"; fileEncoding = 4; lastKnownFileType = sourcecode.c.objc; explicitFileType = undefined; includeInIndex = 0; };
		B732E8F8CAAE498797EE69A2 /* CDVSplashScreen.h */ = {isa = PBXFileReference; name = "CDVSplashScreen.h"; path = "cordova-plugin-splashscreen/CDVSplashScreen.h"; sourceTree = "<group>"; fileEncoding = 4; lastKnownFileType = sourcecode.c.h; explicitFileType = undefined; includeInIndex = 0; };
		19696500507A4FD680C4BB99 /* CDVViewController+SplashScreen.h */ = {isa = PBXFileReference; name = "CDVViewController+SplashScreen.h"; path = "cordova-plugin-splashscreen/CDVViewController+SplashScreen.h"; sourceTree = "<group>"; fileEncoding = 4; lastKnownFileType = sourcecode.c.h; explicitFileType = undefined; includeInIndex = 0; };
		02AD2E3DD1714A5C8A50FC09 /* CDVStatusBar.m */ = {isa = PBXFileReference; name = "CDVStatusBar.m"; path = "cordova-plugin-statusbar/CDVStatusBar.m"; sourceTree = "<group>"; fileEncoding = 4; lastKnownFileType = sourcecode.c.objc; explicitFileType = undefined; includeInIndex = 0; };
		B3036DBFEE3A4D95BC0500B1 /* CDVStatusBar.h */ = {isa = PBXFileReference; name = "CDVStatusBar.h"; path = "cordova-plugin-statusbar/CDVStatusBar.h"; sourceTree = "<group>"; fileEncoding = 4; lastKnownFileType = sourcecode.c.h; explicitFileType = undefined; includeInIndex = 0; };
		6B47D899B6DF42EBA2618B63 /* CDVVibration.m */ = {isa = PBXFileReference; name = "CDVVibration.m"; path = "cordova-plugin-vibration/CDVVibration.m"; sourceTree = "<group>"; fileEncoding = 4; lastKnownFileType = sourcecode.c.objc; explicitFileType = undefined; includeInIndex = 0; };
		6810CC24AB134AC9BF536F1A /* CDVVibration.h */ = {isa = PBXFileReference; name = "CDVVibration.h"; path = "cordova-plugin-vibration/CDVVibration.h"; sourceTree = "<group>"; fileEncoding = 4; lastKnownFileType = sourcecode.c.h; explicitFileType = undefined; includeInIndex = 0; };
		4F857D3D4117435A80CA6611 /* CDVBarcodeScanner.mm */ = {isa = PBXFileReference; name = "CDVBarcodeScanner.mm"; path = "phonegap-plugin-barcodescanner/CDVBarcodeScanner.mm"; sourceTree = "<group>"; fileEncoding = undefined; lastKnownFileType = unknown; explicitFileType = undefined; includeInIndex = 0; };
		C97EC0BA733D45568FA56C62 /* scannerOverlay.xib */ = {isa = PBXFileReference; name = "scannerOverlay.xib"; path = "scannerOverlay.xib"; sourceTree = "<group>"; fileEncoding = undefined; lastKnownFileType = file.xib; explicitFileType = undefined; includeInIndex = 0; };
		9CAD0E14ABC84DD6B07A21AB /* CDVBarcodeScanner.bundle */ = {isa = PBXFileReference; name = "CDVBarcodeScanner.bundle"; path = "CDVBarcodeScanner.bundle"; sourceTree = "<group>"; fileEncoding = undefined; lastKnownFileType = wrapper.plug-in; explicitFileType = undefined; includeInIndex = 0; };
		7EC7A6318601470DA3084FE1 /* AppDelegate+notification.m */ = {isa = PBXFileReference; name = "AppDelegate+notification.m"; path = "phonegap-plugin-push/AppDelegate+notification.m"; sourceTree = "<group>"; fileEncoding = 4; lastKnownFileType = sourcecode.c.objc; explicitFileType = undefined; includeInIndex = 0; };
		80EA9B0D3E3D47E4845C3A7A /* PushPlugin.m */ = {isa = PBXFileReference; name = "PushPlugin.m"; path = "phonegap-plugin-push/PushPlugin.m"; sourceTree = "<group>"; fileEncoding = 4; lastKnownFileType = sourcecode.c.objc; explicitFileType = undefined; includeInIndex = 0; };
		F5EE1522934142FF802605F0 /* AppDelegate+notification.h */ = {isa = PBXFileReference; name = "AppDelegate+notification.h"; path = "phonegap-plugin-push/AppDelegate+notification.h"; sourceTree = "<group>"; fileEncoding = 4; lastKnownFileType = sourcecode.c.h; explicitFileType = undefined; includeInIndex = 0; };
		A855B03A467649328DDCACB2 /* PushPlugin.h */ = {isa = PBXFileReference; name = "PushPlugin.h"; path = "phonegap-plugin-push/PushPlugin.h"; sourceTree = "<group>"; fileEncoding = 4; lastKnownFileType = sourcecode.c.h; explicitFileType = undefined; includeInIndex = 0; };
/* End PBXFileReference section */

/* Begin PBXFrameworksBuildPhase section */
		1D60588F0D05DD3D006BFB54 /* Frameworks */ = {
			isa = PBXFrameworksBuildPhase;
			buildActionMask = 2147483647;
			files = (
				301BF552109A68D80062928A /* libCordova.a in Frameworks */,
				8F8D794A290D4148BABD2FEC /* ImageIO.framework in Frameworks */,
				C0CE2AE628164C80B82CF20E /* CoreLocation.framework in Frameworks */,
				14F7CCB177044BBB80BCF752 /* AVFoundation.framework in Frameworks */,
				D1849E54E589429FB14AE614 /* AudioToolbox.framework in Frameworks */,
				05920D1835C54DC3BD8979D9 /* SystemConfiguration.framework in Frameworks */,
				8E83259E41D24CFAB35C71C9 /* CoreTelephony.framework in Frameworks */,
				4C0C23DCF5F44E3EB45EF4E0 /* libz.dylib in Frameworks */,
			);
			runOnlyForDeploymentPostprocessing = 0;
		};
/* End PBXFrameworksBuildPhase section */

/* Begin PBXGroup section */
		080E96DDFE201D6D7F000001 /* Classes */ = {
			isa = PBXGroup;
			children = (
				302D95EE14D2391D003F00A1 /* MainViewController.h */,
				302D95EF14D2391D003F00A1 /* MainViewController.m */,
				302D95F014D2391D003F00A1 /* MainViewController.xib */,
				1D3623240D0F684500981E51 /* AppDelegate.h */,
				1D3623250D0F684500981E51 /* AppDelegate.m */,
			);
			name = Classes;
			path = "KesMobile/Classes";
			sourceTree = SOURCE_ROOT;
		};
		19C28FACFE9D520D11CA2CBB /* Products */ = {
			isa = PBXGroup;
			children = (
				1D6058910D05DD3D006BFB54 /* KesMobile.app */,
			);
			name = Products;
			sourceTree = "<group>";
		};
		29B97314FDCFA39411CA2CEA /* CustomTemplate */ = {
			isa = PBXGroup;
			children = (
				EB87FDF41871DAF40020F90C /* config.xml */,
				EB87FDF31871DA8E0020F90C /* www */,
				EB87FDF11871DA420020F90C /* Staging */,
				301BF52D109A57CC0062928A /* CordovaLib.xcodeproj */,
				080E96DDFE201D6D7F000001 /* Classes */,
				307C750510C5A3420062BCA9 /* Plugins */,
				29B97315FDCFA39411CA2CEA /* Other Sources */,
				29B97317FDCFA39411CA2CEA /* Resources */,
				29B97323FDCFA39411CA2CEA /* Frameworks */,
				19C28FACFE9D520D11CA2CBB /* Products */,
			);
			name = CustomTemplate;
			sourceTree = "<group>";
		};
		29B97315FDCFA39411CA2CEA /* Other Sources */ = {
			isa = PBXGroup;
			children = (
				32CA4F630368D1EE00C91783 /* KesMobile-Prefix.pch */,
				29B97316FDCFA39411CA2CEA /* main.m */,
				ED33DF2A687741AEAF9F8254 /* Bridging-Header.h */,
			);
			name = "Other Sources";
			path = "KesMobile";
			sourceTree = "<group>";
		};
		29B97317FDCFA39411CA2CEA /* Resources */ = {
			isa = PBXGroup;
			children = (
				0207DA571B56EA530066E2B4 /* Images.xcassets */,
				3047A50E1AB8057F00498E2A /* config */,
				8D1107310486CEB800E47090 /* KesMobile-Info.plist */,
				6AFF5BF81D6E424B00AB3073 /* CDVLaunchScreen.storyboard */,
				FDBD87E369484D18804E6712 /* CDVNotification.bundle */,
				C97EC0BA733D45568FA56C62 /* scannerOverlay.xib */,
				9CAD0E14ABC84DD6B07A21AB /* CDVBarcodeScanner.bundle */,
			);
			name = Resources;
			path = "KesMobile/Resources";
			sourceTree = "<group>";
		};
		29B97323FDCFA39411CA2CEA /* Frameworks */ = {
			isa = PBXGroup;
			children = (
				92A68D699B53459BAA7E9C6E /* ImageIO.framework */,
				62C96F0F9CD942C99F39D59C /* CoreLocation.framework */,
				F56EEF10DD45458DB1B79ABB /* AVFoundation.framework */,
				2B16A2B5074E432DA225809D /* AudioToolbox.framework */,
				FC36C65F27A248FA9BCB38AF /* SystemConfiguration.framework */,
				BCC9EEE1742249CFAC58F785 /* CoreTelephony.framework */,
				4227110B67584F37B5072EA4 /* libz.dylib */,
			);
			name = Frameworks;
			sourceTree = "<group>";
		};
		301BF52E109A57CC0062928A /* Products */ = {
			isa = PBXGroup;
			children = (
				301BF535109A57CC0062928A /* libCordova.a */,
			);
			name = Products;
			sourceTree = "<group>";
		};
		3047A50E1AB8057F00498E2A /* config */ = {
			isa = PBXGroup;
			children = (
				3047A50F1AB8059700498E2A /* build-debug.xcconfig */,
				3047A5101AB8059700498E2A /* build-release.xcconfig */,
				3047A5111AB8059700498E2A /* build.xcconfig */,
			);
			name = config;
			sourceTree = "<group>";
		};
		307C750510C5A3420062BCA9 /* Plugins */ = {
			isa = PBXGroup;
			children = (
				F8EA9027D16E4D3B9A678C2B /* UIImage+CropScaleOrientation.m */,
				768193589CDF4DA0895C5F44 /* CDVCamera.m */,
				D936AC7E38F54A4D891776A1 /* CDVJpegHeaderWriter.m */,
				AF13FAE6448A4BEEB5375812 /* UIImage+CropScaleOrientation.h */,
				1C88DF4C47C944F28E5BFF8F /* CDVCamera.h */,
				1074B55B8E66456789B802C7 /* CDVJpegHeaderWriter.h */,
				85B9DEDB5FBB4997A112295F /* CDVExif.h */,
				9D94574AADB7492E86E88BB7 /* CDVDevice.m */,
				B4F87E65E0D34F11B060BC71 /* CDVDevice.h */,
				B356AAA3B30E49C1B2C1644F /* CDVNotification.m */,
				34FA720C753F4449B719597C /* CDVNotification.h */,
				F72B725E4AA840CEAC6898F5 /* CDVFile.m */,
				82844319F40B4C4FA6648EEA /* CDVLocalFilesystem.m */,
				BE13C077659F43B6A31574F3 /* CDVAssetLibraryFilesystem.m */,
				AD43B9143ABF461DBDAC957E /* CDVFile.h */,
				13430CC4B22B425CA3CAFFBD /* CDVLocalFilesystem.h */,
				811428C856064976A1355C14 /* CDVAssetLibraryFilesystem.h */,
				0C66570049924EEA84F60A53 /* CDVFileTransfer.m */,
				9188ECE3497343BABA06EB65 /* CDVFileTransfer.h */,
				C8EACE3C2188448EA09DC888 /* CDVConnection.m */,
				C1486902577448B0A3C419B5 /* CDVReachability.m */,
				CBCE8C2C42FD4FB396FE7E1A /* CDVConnection.h */,
				AAA9A4B3E58F4FD4A4984206 /* CDVReachability.h */,
				4537568199134E3EB8679D34 /* ZipPlugin.m */,
				EAF147A39AA84D5D9FB853F1 /* aescrypt.c */,
				85426D2691B64E3F815E07C6 /* aeskey.c */,
				85416BA6A972449FA7652393 /* aestab.c */,
				1E2332BCD07E4CBEBE59401A /* entropy.c */,
				459DE4051FC441B49BEBE411 /* fileenc.c */,
				48B4C27F81C64ACDB2036B85 /* hmac.c */,
				700470F1445A42B7A9E0BF41 /* prng.c */,
				1DC2DF11398C4E09A941792D /* pwd2key.c */,
				2275BA2413F14A27948DF101 /* sha1.c */,
				796FF056025843949D93BDB5 /* SSZipArchive.m */,
				7CF5FBC0FB9143D2BA4506DE /* zip.c */,
				EECE497698DF45328FE28456 /* unzip.c */,
				C224D1AF3BAF44DD92D54AD4 /* mztools.c */,
				1F9C3E91899D41A0AE2F3534 /* ioapi.c */,
				83DFD298AF824E9C9AB44CED /* ZipPlugin.h */,
				C28C63D3867447C7BE369249 /* Common.h */,
				EE3813C1A242473ABD44DC44 /* aes.h */,
				F751BA37B81B47758C347D0D /* aes_via_ace.h */,
				00396BA265074D04A7074A93 /* aesopt.h */,
				5AFB97B8EB6E417BB99DFC33 /* aestab.h */,
				C90ED6D996D64D83A6DA790A /* brg_endian.h */,
				1F3771785C5D4D2DAA497292 /* brg_types.h */,
				E53AE470DC29452BB2ABD90F /* entropy.h */,
				FECAFB7ABD234DA4A43ACA30 /* fileenc.h */,
				7528CA3445914470A103365B /* hmac.h */,
				C6F624227FEE46AE894C352A /* prng.h */,
				3759FFED6F9C4628B8276CEC /* pwd2key.h */,
				DC384A61CA8A4C8F8B785DF6 /* sha1.h */,
				0A7EEE915599427BBAA1123B /* SSZipArchive.h */,
				50F782B92B984BE2917E331E /* zip.h */,
				DE05AE91C3BE49B8A3F0ACBF /* unzip.h */,
				FB4FE3A4A5344987997DB53C /* mztools.h */,
				558C2FE77D034700BFB7AA39 /* ioapi.h */,
				D00DC9B6611444E1B427026A /* crypt.h */,
				0CB1980EF6AC4B75A9E87F5E /* md5chksum.m */,
				639484C4078547F5AB4B36C7 /* md5chksum.h */,
				C74128836B46457DA024BF0E /* CDVLocation.m */,
				58B5DE8D92DE4FB6960125F7 /* CDVLocation.h */,
				5BCA1A9DBF7F4CD79771800D /* CDVInAppBrowser.m */,
				598A97F556104F6F8F57C842 /* CDVInAppBrowser.h */,
				094565E45DE1435CBD36B3C6 /* NativeStorage.m */,
				630B693DE34943338B922D67 /* NativeStorage.h */,
				48E1D2A5F1E14FC497F7C146 /* CDVSplashScreen.m */,
				21630DAAAD604C6284BA3692 /* CDVViewController+SplashScreen.m */,
				B732E8F8CAAE498797EE69A2 /* CDVSplashScreen.h */,
				19696500507A4FD680C4BB99 /* CDVViewController+SplashScreen.h */,
				02AD2E3DD1714A5C8A50FC09 /* CDVStatusBar.m */,
				B3036DBFEE3A4D95BC0500B1 /* CDVStatusBar.h */,
				6B47D899B6DF42EBA2618B63 /* CDVVibration.m */,
				6810CC24AB134AC9BF536F1A /* CDVVibration.h */,
				4F857D3D4117435A80CA6611 /* CDVBarcodeScanner.mm */,
				7EC7A6318601470DA3084FE1 /* AppDelegate+notification.m */,
				80EA9B0D3E3D47E4845C3A7A /* PushPlugin.m */,
				F5EE1522934142FF802605F0 /* AppDelegate+notification.h */,
				A855B03A467649328DDCACB2 /* PushPlugin.h */,
			);
			name = Plugins;
			path = "KesMobile/Plugins";
			sourceTree = SOURCE_ROOT;
		};
		EB87FDF11871DA420020F90C /* Staging */ = {
			isa = PBXGroup;
			children = (
				F840E1F0165FE0F500CFE078 /* config.xml */,
				301BF56E109A69640062928A /* www */,
			);
			name = Staging;
			sourceTree = "<group>";
		};
/* End PBXGroup section */

/* Begin PBXNativeTarget section */
		1D6058900D05DD3D006BFB54 /* KesMobile */ = {
			isa = PBXNativeTarget;
			buildConfigurationList = 1D6058960D05DD3E006BFB54 /* Build configuration list for PBXNativeTarget "KesMobile" */;
			buildPhases = (
				304B58A110DAC018002A0835 /* Copy www directory */,
				1D60588D0D05DD3D006BFB54 /* Resources */,
				1D60588E0D05DD3D006BFB54 /* Sources */,
				1D60588F0D05DD3D006BFB54 /* Frameworks */,
			);
			buildRules = (
			);
			dependencies = (
				301BF551109A68C00062928A /* PBXTargetDependency */,
			);
			name = "KesMobile";
			productName = "KesMobile";
			productReference = 1D6058910D05DD3D006BFB54 /* KesMobile.app */;
			productType = "com.apple.product-type.application";
		};
/* End PBXNativeTarget section */

/* Begin PBXProject section */
		29B97313FDCFA39411CA2CEA /* Project object */ = {
			isa = PBXProject;
			attributes = {
				LastUpgradeCheck = 510;
			};
			buildConfigurationList = C01FCF4E08A954540054247B /* Build configuration list for PBXProject "__NON-CLI__" */;
			compatibilityVersion = "Xcode 3.2";
			developmentRegion = English;
			hasScannedForEncodings = 1;
			mainGroup = 29B97314FDCFA39411CA2CEA /* CustomTemplate */;
			projectDirPath = "";
			projectReferences = (
				{
					ProductGroup = 301BF52E109A57CC0062928A /* Products */;
					ProjectRef = 301BF52D109A57CC0062928A /* CordovaLib.xcodeproj */;
				},
			);
			projectRoot = "";
			targets = (
				1D6058900D05DD3D006BFB54 /* KesMobile */,
			);
		};
/* End PBXProject section */

/* Begin PBXReferenceProxy section */
		301BF535109A57CC0062928A /* libCordova.a */ = {
			isa = PBXReferenceProxy;
			fileType = archive.ar;
			path = libCordova.a;
			remoteRef = 301BF534109A57CC0062928A /* PBXContainerItemProxy */;
			sourceTree = BUILT_PRODUCTS_DIR;
		};
/* End PBXReferenceProxy section */

/* Begin PBXResourcesBuildPhase section */
		1D60588D0D05DD3D006BFB54 /* Resources */ = {
			isa = PBXResourcesBuildPhase;
			buildActionMask = 2147483647;
			files = (
				302D95F214D2391D003F00A1 /* MainViewController.xib in Resources */,
				0207DA581B56EA530066E2B4 /* Images.xcassets in Resources */,
				6AFF5BF91D6E424B00AB3073 /* CDVLaunchScreen.storyboard in Resources */,
				90342DE28A3F4901AFA61442 /* CDVNotification.bundle in Resources */,
				294B83691ABE41EE9812A19A /* scannerOverlay.xib in Resources */,
				22916961820948B1B49B2DCA /* CDVBarcodeScanner.bundle in Resources */,
			);
			runOnlyForDeploymentPostprocessing = 0;
		};
/* End PBXResourcesBuildPhase section */

/* Begin PBXShellScriptBuildPhase section */
		304B58A110DAC018002A0835 /* Copy www directory */ = {
			isa = PBXShellScriptBuildPhase;
			buildActionMask = 2147483647;
			files = (
			);
			inputPaths = (
			);
			name = "Copy www directory";
			outputPaths = (
			);
			runOnlyForDeploymentPostprocessing = 0;
			shellPath = /bin/sh;
			shellScript = "NODEJS_PATH=/usr/local/bin; NVM_NODE_PATH=~/.nvm/versions/node/`nvm version 2>/dev/null`/bin; N_NODE_PATH=`find /usr/local/n/versions/node/* -maxdepth 0 -type d 2>/dev/null | tail -1`/bin; XCODE_NODE_PATH=`xcode-select --print-path`/usr/share/xcs/Node/bin; PATH=$NODEJS_PATH:$NVM_NODE_PATH:$N_NODE_PATH:$XCODE_NODE_PATH:$PATH && node cordova/lib/copy-www-build-step.js";
			showEnvVarsInLog = 0;
		};
/* End PBXShellScriptBuildPhase section */

/* Begin PBXSourcesBuildPhase section */
		1D60588E0D05DD3D006BFB54 /* Sources */ = {
			isa = PBXSourcesBuildPhase;
			buildActionMask = 2147483647;
			files = (
				1D60589B0D05DD56006BFB54 /* main.m in Sources */,
				1D3623260D0F684500981E51 /* AppDelegate.m in Sources */,
				302D95F114D2391D003F00A1 /* MainViewController.m in Sources */,
				F910A4CC693D4184BB899118 /* UIImage+CropScaleOrientation.m in Sources */,
				589D40DB07BA46BDA961BC34 /* CDVCamera.m in Sources */,
				790078A555084727B14B5B1B /* CDVJpegHeaderWriter.m in Sources */,
				7E613BD1B0AA4FC796FF768F /* CDVDevice.m in Sources */,
				CD72F335B725482CAE66EF25 /* CDVNotification.m in Sources */,
				83A605341C2E4CC69EA716A2 /* CDVFile.m in Sources */,
				C5FF18F21742448195C42A70 /* CDVLocalFilesystem.m in Sources */,
				550922C2577041868DAA11FC /* CDVAssetLibraryFilesystem.m in Sources */,
				B35AB43444D640B19DCC0282 /* CDVFileTransfer.m in Sources */,
				C8DBC19EB3BC4BFAA291DCC5 /* CDVConnection.m in Sources */,
				BBEB0131762F4CA8A10A1439 /* CDVReachability.m in Sources */,
				2BC8E8D556334A00A7F8A3AF /* ZipPlugin.m in Sources */,
				FC0FCF5B65C94E85B9B6E1B2 /* aescrypt.c in Resources */,
				A6F8F43D85DD421A8459F1E9 /* aeskey.c in Resources */,
				9FED59ACD39B42A3B3904D06 /* aestab.c in Resources */,
				5826C4C6383F47A09EECA8C3 /* entropy.c in Resources */,
				BC9F96C5757344CC86293BD5 /* fileenc.c in Resources */,
				AB013DE324A14907B275BF58 /* hmac.c in Resources */,
				7D55DCAE2D5D499191858676 /* prng.c in Resources */,
				1576973C82DC4505B7D7ABE8 /* pwd2key.c in Resources */,
				0C99AE4D6179442F96B91460 /* sha1.c in Resources */,
				D2782429BD1E44E5A0573A7A /* SSZipArchive.m in Sources */,
				167FA882F0234479BBE39C0E /* zip.c in Resources */,
				1098A70270FB49A0A53D5106 /* unzip.c in Resources */,
				E734061ADFAA4727A417F7FB /* mztools.c in Resources */,
				F76EC2430E714037866BC0C2 /* ioapi.c in Resources */,
				0E88FBB2981A427CAC2BEF3B /* md5chksum.m in Sources */,
				EE73958083BC4AC197E67E05 /* CDVLocation.m in Sources */,
				7C59797A9CE74894B2C3B88B /* CDVInAppBrowser.m in Sources */,
				E638C331BBF143F8ACB46C31 /* NativeStorage.m in Sources */,
				2824E3EC351542448A516F62 /* CDVSplashScreen.m in Sources */,
				065DD3E39A904C51A1DCD739 /* CDVViewController+SplashScreen.m in Sources */,
				3EB679D4F2BC4E4E9D8D044C /* CDVStatusBar.m in Sources */,
				BCCCCFFD35AF43A8A019BD5E /* CDVVibration.m in Sources */,
				D69CF38BCA044439BCB22D5C /* CDVBarcodeScanner.mm in Resources */,
				5F50DE71A90745A18EC1B90A /* AppDelegate+notification.m in Sources */,
				8499EDF2CE7C44B1ACD4A34B /* PushPlugin.m in Sources */,
			);
			runOnlyForDeploymentPostprocessing = 0;
		};
/* End PBXSourcesBuildPhase section */

/* Begin PBXTargetDependency section */
		301BF551109A68C00062928A /* PBXTargetDependency */ = {
			isa = PBXTargetDependency;
			name = CordovaLib;
			targetProxy = 301BF550109A68C00062928A /* PBXContainerItemProxy */;
		};
/* End PBXTargetDependency section */

/* Begin XCBuildConfiguration section */
		1D6058940D05DD3E006BFB54 /* Debug */ = {
			isa = XCBuildConfiguration;
			baseConfigurationReference = 3047A50F1AB8059700498E2A /* build-debug.xcconfig */;
			buildSettings = {
				ALWAYS_SEARCH_USER_PATHS = NO;
				ASSETCATALOG_COMPILER_APPICON_NAME = AppIcon;
				ASSETCATALOG_COMPILER_LAUNCHIMAGE_NAME = LaunchImage;
				CLANG_ENABLE_MODULES = YES;
				CLANG_ENABLE_OBJC_ARC = YES;
				COPY_PHASE_STRIP = NO;
				GCC_DYNAMIC_NO_PIC = NO;
				GCC_OPTIMIZATION_LEVEL = 0;
				GCC_PRECOMPILE_PREFIX_HEADER = YES;
				GCC_PREFIX_HEADER = "KesMobile/KesMobile-Prefix.pch";
				GCC_THUMB_SUPPORT = NO;
				GCC_VERSION = "";
				INFOPLIST_FILE = "KesMobile/KesMobile-Info.plist";
				IPHONEOS_DEPLOYMENT_TARGET = 9.0;
				LD_RUNPATH_SEARCH_PATHS = "@executable_path/Frameworks";
				TARGETED_DEVICE_FAMILY = "1,2";
				PRODUCT_NAME = "KesMobile";
			};
			name = Debug;
		};
		1D6058950D05DD3E006BFB54 /* Release */ = {
			isa = XCBuildConfiguration;
			baseConfigurationReference = 3047A5101AB8059700498E2A /* build-release.xcconfig */;
			buildSettings = {
				ALWAYS_SEARCH_USER_PATHS = NO;
				ASSETCATALOG_COMPILER_APPICON_NAME = AppIcon;
				ASSETCATALOG_COMPILER_LAUNCHIMAGE_NAME = LaunchImage;
				CLANG_ENABLE_MODULES = YES;
				CLANG_ENABLE_OBJC_ARC = YES;
				COPY_PHASE_STRIP = YES;
				GCC_PRECOMPILE_PREFIX_HEADER = YES;
				GCC_PREFIX_HEADER = "KesMobile/KesMobile-Prefix.pch";
				GCC_THUMB_SUPPORT = NO;
				GCC_VERSION = "";
				INFOPLIST_FILE = "KesMobile/KesMobile-Info.plist";
				IPHONEOS_DEPLOYMENT_TARGET = 9.0;
				LD_RUNPATH_SEARCH_PATHS = "@executable_path/Frameworks";
				TARGETED_DEVICE_FAMILY = "1,2";
				PRODUCT_NAME = "KesMobile";
			};
			name = Release;
		};
		C01FCF4F08A954540054247B /* Debug */ = {
			isa = XCBuildConfiguration;
			baseConfigurationReference = 3047A5111AB8059700498E2A /* build.xcconfig */;
			buildSettings = {
				CLANG_ENABLE_MODULES = YES;
				CLANG_ENABLE_OBJC_ARC = YES;
				CLANG_WARN_BOOL_CONVERSION = YES;
				CLANG_WARN_CONSTANT_CONVERSION = YES;
				CLANG_WARN_EMPTY_BODY = YES;
				CLANG_WARN_ENUM_CONVERSION = YES;
				CLANG_WARN_INT_CONVERSION = YES;
				CLANG_WARN__DUPLICATE_METHOD_MATCH = YES;
				GCC_C_LANGUAGE_STANDARD = c99;
				GCC_THUMB_SUPPORT = NO;
				GCC_VERSION = "";
				GCC_WARN_ABOUT_RETURN_TYPE = YES;
				GCC_WARN_UNDECLARED_SELECTOR = YES;
				GCC_WARN_UNINITIALIZED_AUTOS = YES;
				GCC_WARN_UNUSED_FUNCTION = YES;
				GCC_WARN_UNUSED_VARIABLE = YES;
				ONLY_ACTIVE_ARCH = YES;
				SDKROOT = iphoneos;
				SKIP_INSTALL = NO;
				ASSETCATALOG_COMPILER_LAUNCHIMAGE_NAME = LaunchImage;
			};
			name = Debug;
		};
		C01FCF5008A954540054247B /* Release */ = {
			isa = XCBuildConfiguration;
			baseConfigurationReference = 3047A5111AB8059700498E2A /* build.xcconfig */;
			buildSettings = {
				CLANG_ENABLE_MODULES = YES;
				CLANG_ENABLE_OBJC_ARC = YES;
				CLANG_WARN_BOOL_CONVERSION = YES;
				CLANG_WARN_CONSTANT_CONVERSION = YES;
				CLANG_WARN_EMPTY_BODY = YES;
				CLANG_WARN_ENUM_CONVERSION = YES;
				CLANG_WARN_INT_CONVERSION = YES;
				CLANG_WARN__DUPLICATE_METHOD_MATCH = YES;
				GCC_C_LANGUAGE_STANDARD = c99;
				GCC_THUMB_SUPPORT = NO;
				GCC_VERSION = "";
				GCC_WARN_ABOUT_RETURN_TYPE = YES;
				GCC_WARN_UNDECLARED_SELECTOR = YES;
				GCC_WARN_UNINITIALIZED_AUTOS = YES;
				GCC_WARN_UNUSED_FUNCTION = YES;
				GCC_WARN_UNUSED_VARIABLE = YES;
				SDKROOT = iphoneos;
				SKIP_INSTALL = NO;
				ASSETCATALOG_COMPILER_LAUNCHIMAGE_NAME = LaunchImage;
			};
			name = Release;
		};
/* End XCBuildConfiguration section */

/* Begin XCConfigurationList section */
		1D6058960D05DD3E006BFB54 /* Build configuration list for PBXNativeTarget "KesMobile" */ = {
			isa = XCConfigurationList;
			buildConfigurations = (
				1D6058940D05DD3E006BFB54 /* Debug */,
				1D6058950D05DD3E006BFB54 /* Release */,
			);
			defaultConfigurationIsVisible = 0;
			defaultConfigurationName = Release;
		};
		C01FCF4E08A954540054247B /* Build configuration list for PBXProject "__NON-CLI__" */ = {
			isa = XCConfigurationList;
			buildConfigurations = (
				C01FCF4F08A954540054247B /* Debug */,
				C01FCF5008A954540054247B /* Release */,
			);
			defaultConfigurationIsVisible = 0;
			defaultConfigurationName = Release;
		};
/* End XCConfigurationList section */
	};
	rootObject = 29B97313FDCFA39411CA2CEA /* Project object */;
}
